
Microsoft Visual Studio Solution File, Format Version 12.00
# Visual Studio Version 17
VisualStudioVersion = 17.13.35919.96 d17.13
MinimumVisualStudioVersion = 10.0.40219.1
Project("{FAE04EC0-301F-11D3-BF4B-00C04F79EFBC}") = "Aplicatie.API", "Aplicatie.API\Aplicatie.API.csproj", "{04707D6D-305F-4956-B92B-D52EB336CAA2}"
EndProject
Global
	GlobalSection(SolutionConfigurationPlatforms) = preSolution
		Debug|Any CPU = Debug|Any CPU
		Release|Any CPU = Release|Any CPU
	EndGlobalSection
	GlobalSection(ProjectConfigurationPlatforms) = postSolution
		{04707D6D-305F-4956-B92B-D52EB336CAA2}.Debug|Any CPU.ActiveCfg = Debug|Any CPU
		{04707D6D-305F-4956-B92B-D52EB336CAA2}.Debug|Any CPU.Build.0 = Debug|Any CPU
		{04707D6D-305F-4956-B92B-D52EB336CAA2}.Release|Any CPU.ActiveCfg = Release|Any CPU
		{04707D6D-305F-4956-B92B-D52EB336CAA2}.Release|Any CPU.Build.0 = Release|Any CPU
	EndGlobalSection
	GlobalSection(SolutionProperties) = preSolution
		HideSolutionNode = FALSE
	EndGlobalSection
	GlobalSection(ExtensibilityGlobals) = postSolution
		SolutionGuid = {296D8295-8B8E-45D6-A30E-313F646A68FA}
	EndGlobalSection
EndGlobal
